PODS:
  - agora_rtm (0.9.14):
    - AgoraRtm_iOS (= 1.2.2)
    - Flutter
  - AgoraRtm_iOS (1.2.2)
  - Flutter (1.0.0)

DEPENDENCIES:
  - agora_rtm (from `.symlinks/plugins/agora_rtm/ios`)
  - Flutter (from `Flutter`)

SPEC REPOS:
  trunk:
    - AgoraRtm_iOS

EXTERNAL SOURCES:
  agora_rtm:
    :path: ".symlinks/plugins/agora_rtm/ios"
  Flutter:
    :path: Flutter

SPEC CHECKSUMS:
  agora_rtm: 8250d6191dcd601d7a9e0fc94322d0a9349af2a3
  AgoraRtm_iOS: c6ba986a3af73dd0f02e6e2995ae4fe9c155e6ae
  Flutter: 434fef37c0980e73bb6479ef766c45957d4b510c

PODFILE CHECKSUM: aafe91acc616949ddb318b77800a7f51bffa2a4c

COCOAPODS: 1.10.1
